// !$*UTF8*$!
{
	archiveVersion = 1;
	classes = {
	};
	objectVersion = 46;
	objects = {

/* Begin PBXBuildFile section */
		001909E71CF2C29100858AF5 /* AppDelegate.swift in Sources */ = {isa = PBXBuildFile; fileRef = 001909E61CF2C29100858AF5 /* AppDelegate.swift */; };
		001909EE1CF2C29100858AF5 /* Assets.xcassets in Resources */ = {isa = PBXBuildFile; fileRef = 001909ED1CF2C29100858AF5 /* Assets.xcassets */; };
		001909F11CF2C29100858AF5 /* LaunchScreen.storyboard in Resources */ = {isa = PBXBuildFile; fileRef = 001909EF1CF2C29100858AF5 /* LaunchScreen.storyboard */; };
		001909FC1CF2C29100858AF5 /* no_storyboard_excersiseTests.swift in Sources */ = {isa = PBXBuildFile; fileRef = 001909FB1CF2C29100858AF5 /* no_storyboard_excersiseTests.swift */; };
		00190A071CF2C29100858AF5 /* no_storyboard_excersiseUITests.swift in Sources */ = {isa = PBXBuildFile; fileRef = 00190A061CF2C29100858AF5 /* no_storyboard_excersiseUITests.swift */; };
		00190A191CF2C2E400858AF5 /* BlueVC.swift in Sources */ = {isa = PBXBuildFile; fileRef = 00190A171CF2C2E400858AF5 /* BlueVC.swift */; };
		00190A1A1CF2C2E400858AF5 /* BlueVC.xib in Resources */ = {isa = PBXBuildFile; fileRef = 00190A181CF2C2E400858AF5 /* BlueVC.xib */; };
		00190A1D1CF2C50F00858AF5 /* RedVC.swift in Sources */ = {isa = PBXBuildFile; fileRef = 00190A1B1CF2C50F00858AF5 /* RedVC.swift */; };
		00190A1E1CF2C50F00858AF5 /* RedVC.xib in Resources */ = {isa = PBXBuildFile; fileRef = 00190A1C1CF2C50F00858AF5 /* RedVC.xib */; };
		00190A211CF2C6C900858AF5 /* YellowVC.swift in Sources */ = {isa = PBXBuildFile; fileRef = 00190A1F1CF2C6C900858AF5 /* YellowVC.swift */; };
		00190A221CF2C6C900858AF5 /* YellowVC.xib in Resources */ = {isa = PBXBuildFile; fileRef = 00190A201CF2C6C900858AF5 /* YellowVC.xib */; };
/* End PBXBuildFile section */

/* Begin PBXContainerItemProxy section */
		001909F81CF2C29100858AF5 /* PBXContainerItemProxy */ = {
			isa = PBXContainerItemProxy;
			containerPortal = 001909DB1CF2C29100858AF5 /* Project object */;
			proxyType = 1;
			remoteGlobalIDString = 001909E21CF2C29100858AF5;
			remoteInfo = "no-storyboard-excersise";
		};
		00190A031CF2C29100858AF5 /* PBXContainerItemProxy */ = {
			isa = PBXContainerItemProxy;
			containerPortal = 001909DB1CF2C29100858AF5 /* Project object */;
			proxyType = 1;
			remoteGlobalIDString = 001909E21CF2C29100858AF5;
			remoteInfo = "no-storyboard-excersise";
		};
/* End PBXContainerItemProxy section */

/* Begin PBXFileReference section */
		001909E31CF2C29100858AF5 /* no-storyboard-excersise.app */ = {isa = PBXFileReference; explicitFileType = wrapper.application; includeInIndex = 0; path = "no-storyboard-excersise.app"; sourceTree = BUILT_PRODUCTS_DIR; };
		001909E61CF2C29100858AF5 /* AppDelegate.swift */ = {isa = PBXFileReference; lastKnownFileType = sourcecode.swift; path = AppDelegate.swift; sourceTree = "<group>"; };
		001909ED1CF2C29100858AF5 /* Assets.xcassets */ = {isa = PBXFileReference; lastKnownFileType = folder.assetcatalog; path = Assets.xcassets; sourceTree = "<group>"; };
		001909F01CF2C29100858AF5 /* Base */ = {isa = PBXFileReference; lastKnownFileType = file.storyboard; name = Base; path = Base.lproj/LaunchScreen.storyboard; sourceTree = "<group>"; };
		001909F21CF2C29100858AF5 /* Info.plist */ = {isa = PBXFileReference; lastKnownFileType = text.plist.xml; path = Info.plist; sourceTree = "<group>"; };
		001909F71CF2C29100858AF5 /* no-storyboard-excersiseTests.xctest */ = {isa = PBXFileReference; explicitFileType = wrapper.cfbundle; includeInIndex = 0; path = "no-storyboard-excersiseTests.xctest"; sourceTree = BUILT_PRODUCTS_DIR; };
		001909FB1CF2C29100858AF5 /* no_storyboard_excersiseTests.swift */ = {isa = PBXFileReference; lastKnownFileType = sourcecode.swift; path = no_storyboard_excersiseTests.swift; sourceTree = "<group>"; };
		001909FD1CF2C29100858AF5 /* Info.plist */ = {isa = PBXFileReference; lastKnownFileType = text.plist.xml; path = Info.plist; sourceTree = "<group>"; };
		00190A021CF2C29100858AF5 /* no-storyboard-excersiseUITests.xctest */ = {isa = PBXFileReference; explicitFileType = wrapper.cfbundle; includeInIndex = 0; path = "no-storyboard-excersiseUITests.xctest"; sourceTree = BUILT_PRODUCTS_DIR; };
		00190A061CF2C29100858AF5 /* no_storyboard_excersiseUITests.swift */ = {isa = PBXFileReference; lastKnownFileType = sourcecode.swift; path = no_storyboard_excersiseUITests.swift; sourceTree = "<group>"; };
		00190A081CF2C29100858AF5 /* Info.plist */ = {isa = PBXFileReference; lastKnownFileType = text.plist.xml; path = Info.plist; sourceTree = "<group>"; };
		00190A171CF2C2E400858AF5 /* BlueVC.swift */ = {isa = PBXFileReference; fileEncoding = 4; lastKnownFileType = sourcecode.swift; path = BlueVC.swift; sourceTree = "<group>"; };
		00190A181CF2C2E400858AF5 /* BlueVC.xib */ = {isa = PBXFileReference; fileEncoding = 4; lastKnownFileType = file.xib; path = BlueVC.xib; sourceTree = "<group>"; };
		00190A1B1CF2C50F00858AF5 /* RedVC.swift */ = {isa = PBXFileReference; fileEncoding = 4; lastKnownFileType = sourcecode.swift; path = RedVC.swift; sourceTree = "<group>"; };
		00190A1C1CF2C50F00858AF5 /* RedVC.xib */ = {isa = PBXFileReference; fileEncoding = 4; lastKnownFileType = file.xib; path = RedVC.xib; sourceTree = "<group>"; };
		00190A1F1CF2C6C900858AF5 /* YellowVC.swift */ = {isa = PBXFileReference; fileEncoding = 4; lastKnownFileType = sourcecode.swift; path = YellowVC.swift; sourceTree = "<group>"; };
		00190A201CF2C6C900858AF5 /* YellowVC.xib */ = {isa = PBXFileReference; fileEncoding = 4; lastKnownFileType = file.xib; path = YellowVC.xib; sourceTree = "<group>"; };
/* End PBXFileReference section */

/* Begin PBXFrameworksBuildPhase section */
		001909E01CF2C29100858AF5 /* Frameworks */ = {
			isa = PBXFrameworksBuildPhase;
			buildActionMask = 2147483647;
			files = (
			);
			runOnlyForDeploymentPostprocessing = 0;
		};
		001909F41CF2C29100858AF5 /* Frameworks */ = {
			isa = PBXFrameworksBuildPhase;
			buildActionMask = 2147483647;
			files = (
			);
			runOnlyForDeploymentPostprocessing = 0;
		};
		001909FF1CF2C29100858AF5 /* Frameworks */ = {
			isa = PBXFrameworksBuildPhase;
			buildActionMask = 2147483647;
			files = (
			);
			runOnlyForDeploymentPostprocessing = 0;
		};
/* End PBXFrameworksBuildPhase section */

/* Begin PBXGroup section */
		001909DA1CF2C29100858AF5 = {
			isa = PBXGroup;
			children = (
				001909E51CF2C29100858AF5 /* no-storyboard-excersise */,
				001909FA1CF2C29100858AF5 /* no-storyboard-excersiseTests */,
				00190A051CF2C29100858AF5 /* no-storyboard-excersiseUITests */,
				001909E41CF2C29100858AF5 /* Products */,
			);
			sourceTree = "<group>";
		};
		001909E41CF2C29100858AF5 /* Products */ = {
			isa = PBXGroup;
			children = (
				001909E31CF2C29100858AF5 /* no-storyboard-excersise.app */,
				001909F71CF2C29100858AF5 /* no-storyboard-excersiseTests.xctest */,
				00190A021CF2C29100858AF5 /* no-storyboard-excersiseUITests.xctest */,
			);
			name = Products;
			sourceTree = "<group>";
		};
		001909E51CF2C29100858AF5 /* no-storyboard-excersise */ = {
			isa = PBXGroup;
			children = (
				00190A161CF2C2CB00858AF5 /* Controller */,
				00190A151CF2C2C600858AF5 /* View */,
				00190A141CF2C2C000858AF5 /* Model */,
				001909E61CF2C29100858AF5 /* AppDelegate.swift */,
				001909ED1CF2C29100858AF5 /* Assets.xcassets */,
				001909EF1CF2C29100858AF5 /* LaunchScreen.storyboard */,
				001909F21CF2C29100858AF5 /* Info.plist */,
			);
			path = "no-storyboard-excersise";
			sourceTree = "<group>";
		};
		001909FA1CF2C29100858AF5 /* no-storyboard-excersiseTests */ = {
			isa = PBXGroup;
			children = (
				001909FB1CF2C29100858AF5 /* no_storyboard_excersiseTests.swift */,
				001909FD1CF2C29100858AF5 /* Info.plist */,
			);
			path = "no-storyboard-excersiseTests";
			sourceTree = "<group>";
		};
		00190A051CF2C29100858AF5 /* no-storyboard-excersiseUITests */ = {
			isa = PBXGroup;
			children = (
				00190A061CF2C29100858AF5 /* no_storyboard_excersiseUITests.swift */,
				00190A081CF2C29100858AF5 /* Info.plist */,
			);
			path = "no-storyboard-excersiseUITests";
			sourceTree = "<group>";
		};
		00190A141CF2C2C000858AF5 /* Model */ = {
			isa = PBXGroup;
			children = (
			);
			name = Model;
			sourceTree = "<group>";
		};
		00190A151CF2C2C600858AF5 /* View */ = {
			isa = PBXGroup;
			children = (
				00190A201CF2C6C900858AF5 /* YellowVC.xib */,
				00190A181CF2C2E400858AF5 /* BlueVC.xib */,
				00190A1C1CF2C50F00858AF5 /* RedVC.xib */,
			);
			name = View;
			sourceTree = "<group>";
		};
		00190A161CF2C2CB00858AF5 /* Controller */ = {
			isa = PBXGroup;
			children = (
				00190A171CF2C2E400858AF5 /* BlueVC.swift */,
				00190A1B1CF2C50F00858AF5 /* RedVC.swift */,
				00190A1F1CF2C6C900858AF5 /* YellowVC.swift */,
			);
			name = Controller;
			sourceTree = "<group>";
		};
/* End PBXGroup section */

/* Begin PBXNativeTarget section */
		001909E21CF2C29100858AF5 /* no-storyboard-excersise */ = {
			isa = PBXNativeTarget;
			buildConfigurationList = 00190A0B1CF2C29100858AF5 /* Build configuration list for PBXNativeTarget "no-storyboard-excersise" */;
			buildPhases = (
				001909DF1CF2C29100858AF5 /* Sources */,
				001909E01CF2C29100858AF5 /* Frameworks */,
				001909E11CF2C29100858AF5 /* Resources */,
			);
			buildRules = (
			);
			dependencies = (
			);
			name = "no-storyboard-excersise";
			productName = "no-storyboard-excersise";
			productReference = 001909E31CF2C29100858AF5 /* no-storyboard-excersise.app */;
			productType = "com.apple.product-type.application";
		};
		001909F61CF2C29100858AF5 /* no-storyboard-excersiseTests */ = {
			isa = PBXNativeTarget;
			buildConfigurationList = 00190A0E1CF2C29100858AF5 /* Build configuration list for PBXNativeTarget "no-storyboard-excersiseTests" */;
			buildPhases = (
				001909F31CF2C29100858AF5 /* Sources */,
				001909F41CF2C29100858AF5 /* Frameworks */,
				001909F51CF2C29100858AF5 /* Resources */,
			);
			buildRules = (
			);
			dependencies = (
				001909F91CF2C29100858AF5 /* PBXTargetDependency */,
			);
			name = "no-storyboard-excersiseTests";
			productName = "no-storyboard-excersiseTests";
			productReference = 001909F71CF2C29100858AF5 /* no-storyboard-excersiseTests.xctest */;
			productType = "com.apple.product-type.bundle.unit-test";
		};
		00190A011CF2C29100858AF5 /* no-storyboard-excersiseUITests */ = {
			isa = PBXNativeTarget;
			buildConfigurationList = 00190A111CF2C29100858AF5 /* Build configuration list for PBXNativeTarget "no-storyboard-excersiseUITests" */;
			buildPhases = (
				001909FE1CF2C29100858AF5 /* Sources */,
				001909FF1CF2C29100858AF5 /* Frameworks */,
				00190A001CF2C29100858AF5 /* Resources */,
			);
			buildRules = (
			);
			dependencies = (
				00190A041CF2C29100858AF5 /* PBXTargetDependency */,
			);
			name = "no-storyboard-excersiseUITests";
			productName = "no-storyboard-excersiseUITests";
			productReference = 00190A021CF2C29100858AF5 /* no-storyboard-excersiseUITests.xctest */;
			productType = "com.apple.product-type.bundle.ui-testing";
		};
/* End PBXNativeTarget section */

/* Begin PBXProject section */
		001909DB1CF2C29100858AF5 /* Project object */ = {
			isa = PBXProject;
			attributes = {
				LastSwiftUpdateCheck = 0730;
				LastUpgradeCheck = 0730;
				ORGANIZATIONNAME = "Sagar Arora ";
				TargetAttributes = {
					001909E21CF2C29100858AF5 = {
						CreatedOnToolsVersion = 7.3;
					};
					001909F61CF2C29100858AF5 = {
						CreatedOnToolsVersion = 7.3;
						TestTargetID = 001909E21CF2C29100858AF5;
					};
					00190A011CF2C29100858AF5 = {
						CreatedOnToolsVersion = 7.3;
						TestTargetID = 001909E21CF2C29100858AF5;
					};
				};
			};
			buildConfigurationList = 001909DE1CF2C29100858AF5 /* Build configuration list for PBXProject "no-storyboard-excersise" */;
			compatibilityVersion = "Xcode 3.2";
			developmentRegion = English;
			hasScannedForEncodings = 0;
			knownRegions = (
				en,
				Base,
			);
			mainGroup = 001909DA1CF2C29100858AF5;
			productRefGroup = 001909E41CF2C29100858AF5 /* Products */;
			projectDirPath = "";
			projectRoot = "";
			targets = (
				001909E21CF2C29100858AF5 /* no-storyboard-excersise */,
				001909F61CF2C29100858AF5 /* no-storyboard-excersiseTests */,
				00190A011CF2C29100858AF5 /* no-storyboard-excersiseUITests */,
			);
		};
/* End PBXProject section */

/* Begin PBXResourcesBuildPhase section */
		001909E11CF2C29100858AF5 /* Resources */ = {
			isa = PBXResourcesBuildPhase;
			buildActionMask = 2147483647;
			files = (
				00190A1A1CF2C2E400858AF5 /* BlueVC.xib in Resources */,
				001909F11CF2C29100858AF5 /* LaunchScreen.storyboard in Resources */,
				00190A1E1CF2C50F00858AF5 /* RedVC.xib in Resources */,
				00190A221CF2C6C900858AF5 /* YellowVC.xib in Resources */,
				001909EE1CF2C29100858AF5 /* Assets.xcassets in Resources */,
			);
			runOnlyForDeploymentPostprocessing = 0;
		};
		001909F51CF2C29100858AF5 /* Resources */ = {
			isa = PBXResourcesBuildPhase;
			buildActionMask = 2147483647;
			files = (
			);
			runOnlyForDeploymentPostprocessing = 0;
		};
		00190A001CF2C29100858AF5 /* Resources */ = {
			isa = PBXResourcesBuildPhase;
			buildActionMask = 2147483647;
			files = (
			);
			runOnlyForDeploymentPostprocessing = 0;
		};
/* End PBXResourcesBuildPhase section */

/* Begin PBXSourcesBuildPhase section */
		001909DF1CF2C29100858AF5 /* Sources */ = {
			isa = PBXSourcesBuildPhase;
			buildActionMask = 2147483647;
			files = (
				001909E71CF2C29100858AF5 /* AppDelegate.swift in Sources */,
				00190A191CF2C2E400858AF5 /* BlueVC.swift in Sources */,
				00190A211CF2C6C900858AF5 /* YellowVC.swift in Sources */,
				00190A1D1CF2C50F00858AF5 /* RedVC.swift in Sources */,
			);
			runOnlyForDeploymentPostprocessing = 0;
		};
		001909F31CF2C29100858AF5 /* Sources */ = {
			isa = PBXSourcesBuildPhase;
			buildActionMask = 2147483647;
			files = (
				001909FC1CF2C29100858AF5 /* no_storyboard_excersiseTests.swift in Sources */,
			);
			runOnlyForDeploymentPostprocessing = 0;
		};
		001909FE1CF2C29100858AF5 /* Sources */ = {
			isa = PBXSourcesBuildPhase;
			buildActionMask = 2147483647;
			files = (
				00190A071CF2C29100858AF5 /* no_storyboard_excersiseUITests.swift in Sources */,
			);
			runOnlyForDeploymentPostprocessing = 0;
		};
/* End PBXSourcesBuildPhase section */

/* Begin PBXTargetDependency section */
		001909F91CF2C29100858AF5 /* PBXTargetDependency */ = {
			isa = PBXTargetDependency;
			target = 001909E21CF2C29100858AF5 /* no-storyboard-excersise */;
			targetProxy = 001909F81CF2C29100858AF5 /* PBXContainerItemProxy */;
		};
		00190A041CF2C29100858AF5 /* PBXTargetDependency */ = {
			isa = PBXTargetDependency;
			target = 001909E21CF2C29100858AF5 /* no-storyboard-excersise */;
			targetProxy = 00190A031CF2C29100858AF5 /* PBXContainerItemProxy */;
		};
/* End PBXTargetDependency section */

/* Begin PBXVariantGroup section */
		001909EF1CF2C29100858AF5 /* LaunchScreen.storyboard */ = {
			isa = PBXVariantGroup;
			children = (
				001909F01CF2C29100858AF5 /* Base */,
			);
			name = LaunchScreen.storyboard;
			sourceTree = "<group>";
		};
/* End PBXVariantGroup section */

/* Begin XCBuildConfiguration section */
		00190A091CF2C29100858AF5 /* Debug */ = {
			isa = XCBuildConfiguration;
			buildSettings = {
				ALWAYS_SEARCH_USER_PATHS = NO;
				CLANG_ANALYZER_NONNULL = YES;
				CLANG_CXX_LANGUAGE_STANDARD = "gnu++0x";
				CLANG_CXX_LIBRARY = "libc++";
				CLANG_ENABLE_MODULES = YES;
				CLANG_ENABLE_OBJC_ARC = YES;
				CLANG_WARN_BOOL_CONVERSION = YES;
				CLANG_WARN_CONSTANT_CONVERSION = YES;
				CLANG_WARN_DIRECT_OBJC_ISA_USAGE = YES_ERROR;
				CLANG_WARN_EMPTY_BODY = YES;
				CLANG_WARN_ENUM_CONVERSION = YES;
				CLANG_WARN_INT_CONVERSION = YES;
				CLANG_WARN_OBJC_ROOT_CLASS = YES_ERROR;
				CLANG_WARN_UNREACHABLE_CODE = YES;
				CLANG_WARN__DUPLICATE_METHOD_MATCH = YES;
				"CODE_SIGN_IDENTITY[sdk=iphoneos*]" = "iPhone Developer";
				COPY_PHASE_STRIP = NO;
				DEBUG_INFORMATION_FORMAT = dwarf;
				ENABLE_STRICT_OBJC_MSGSEND = YES;
				ENABLE_TESTABILITY = YES;
				GCC_C_LANGUAGE_STANDARD = gnu99;
				GCC_DYNAMIC_NO_PIC = NO;
				GCC_NO_COMMON_BLOCKS = YES;
				GCC_OPTIMIZATION_LEVEL = 0;
				GCC_PREPROCESSOR_DEFINITIONS = (
					"DEBUG=1",
					"$(inherited)",
				);
				GCC_WARN_64_TO_32_BIT_CONVERSION = YES;
				GCC_WARN_ABOUT_RETURN_TYPE = YES_ERROR;
				GCC_WARN_UNDECLARED_SELECTOR = YES;
				GCC_WARN_UNINITIALIZED_AUTOS = YES_AGGRESSIVE;
				GCC_WARN_UNUSED_FUNCTION = YES;
				GCC_WARN_UNUSED_VARIABLE = YES;
				IPHONEOS_DEPLOYMENT_TARGET = 9.3;
				MTL_ENABLE_DEBUG_INFO = YES;
				ONLY_ACTIVE_ARCH = YES;
				SDKROOT = iphoneos;
				SWIFT_OPTIMIZATION_LEVEL = "-Onone";
				TARGETED_DEVICE_FAMILY = "1,2";
			};
			name = Debug;
		};
		00190A0A1CF2C29100858AF5 /* Release */ = {
			isa = XCBuildConfiguration;
			buildSettings = {
				ALWAYS_SEARCH_USER_PATHS = NO;
				CLANG_ANALYZER_NONNULL = YES;
				CLANG_CXX_LANGUAGE_STANDARD = "gnu++0x";
				CLANG_CXX_LIBRARY = "libc++";
				CLANG_ENABLE_MODULES = YES;
				CLANG_ENABLE_OBJC_ARC = YES;
				CLANG_WARN_BOOL_CONVERSION = YES;
				CLANG_WARN_CONSTANT_CONVERSION = YES;
				CLANG_WARN_DIRECT_OBJC_ISA_USAGE = YES_ERROR;
				CLANG_WARN_EMPTY_BODY = YES;
				CLANG_WARN_ENUM_CONVERSION = YES;
				CLANG_WARN_INT_CONVERSION = YES;
				CLANG_WARN_OBJC_ROOT_CLASS = YES_ERROR;
				CLANG_WARN_UNREACHABLE_CODE = YES;
				CLANG_WARN__DUPLICATE_METHOD_MATCH = YES;
				"CODE_SIGN_IDENTITY[sdk=iphoneos*]" = "iPhone Developer";
				COPY_PHASE_STRIP = NO;
				DEBUG_INFORMATION_FORMAT = "dwarf-with-dsym";
				ENABLE_NS_ASSERTIONS = NO;
				ENABLE_STRICT_OBJC_MSGSEND = YES;
				GCC_C_LANGUAGE_STANDARD = gnu99;
				GCC_NO_COMMON_BLOCKS = YES;
				GCC_WARN_64_TO_32_BIT_CONVERSION = YES;
				GCC_WARN_ABOUT_RETURN_TYPE = YES_ERROR;
				GCC_WARN_UNDECLARED_SELECTOR = YES;
				GCC_WARN_UNINITIALIZED_AUTOS = YES_AGGRESSIVE;
				GCC_WARN_UNUSED_FUNCTION = YES;
				GCC_WARN_UNUSED_VARIABLE = YES;
				IPHONEOS_DEPLOYMENT_TARGET = 9.3;
				MTL_ENABLE_DEBUG_INFO = NO;
				SDKROOT = iphoneos;
				TARGETED_DEVICE_FAMILY = "1,2";
				VALIDATE_PRODUCT = YES;
			};
			name = Release;
		};
		00190A0C1CF2C29100858AF5 /* Debug */ = {
			isa = XCBuildConfiguration;
			buildSettings = {
				ASSETCATALOG_COMPILER_APPICON_NAME = AppIcon;
				INFOPLIST_FILE = "no-storyboard-excersise/Info.plist";
				LD_RUNPATH_SEARCH_PATHS = "$(inherited) @executable_path/Frameworks";
				PRODUCT_BUNDLE_IDENTIFIER = "com.arora.no-storyboard-excersise";
				PRODUCT_NAME = "$(TARGET_NAME)";
			};
			name = Debug;
		};
		00190A0D1CF2C29100858AF5 /* Release */ = {
			isa = XCBuildConfiguration;
			buildSettings = {
				ASSETCATALOG_COMPILER_APPICON_NAME = AppIcon;
				INFOPLIST_FILE = "no-storyboard-excersise/Info.plist";
				LD_RUNPATH_SEARCH_PATHS = "$(inherited) @executable_path/Frameworks";
				PRODUCT_BUNDLE_IDENTIFIER = "com.arora.no-storyboard-excersise";
				PRODUCT_NAME = "$(TARGET_NAME)";
			};
			name = Release;
		};
		00190A0F1CF2C29100858AF5 /* Debug */ = {
			isa = XCBuildConfiguration;
			buildSettings = {
				BUNDLE_LOADER = "$(TEST_HOST)";
				INFOPLIST_FILE = "no-storyboard-excersiseTests/Info.plist";
				LD_RUNPATH_SEARCH_PATHS = "$(inherited) @executable_path/Frameworks @loader_path/Frameworks";
				PRODUCT_BUNDLE_IDENTIFIER = "com.arora.no-storyboard-excersiseTests";
				PRODUCT_NAME = "$(TARGET_NAME)";
				TEST_HOST = "$(BUILT_PRODUCTS_DIR)/no-storyboard-excersise.app/no-storyboard-excersise";
			};
			name = Debug;
		};
		00190A101CF2C29100858AF5 /* Release */ = {
			isa = XCBuildConfiguration;
			buildSettings = {
				BUNDLE_LOADER = "$(TEST_HOST)";
				INFOPLIST_FILE = "no-storyboard-excersiseTests/Info.plist";
				LD_RUNPATH_SEARCH_PATHS = "$(inherited) @executable_path/Frameworks @loader_path/Frameworks";
				PRODUCT_BUNDLE_IDENTIFIER = "com.arora.no-storyboard-excersiseTests";
				PRODUCT_NAME = "$(TARGET_NAME)";
				TEST_HOST = "$(BUILT_PRODUCTS_DIR)/no-storyboard-excersise.app/no-storyboard-excersise";
			};
			name = Release;
		};
		00190A121CF2C29100858AF5 /* Debug */ = {
			isa = XCBuildConfiguration;
			buildSettings = {
				INFOPLIST_FILE = "no-storyboard-excersiseUITests/Info.plist";
				LD_RUNPATH_SEARCH_PATHS = "$(inherited) @executable_path/Frameworks @loader_path/Frameworks";
				PRODUCT_BUNDLE_IDENTIFIER = "com.arora.no-storyboard-excersiseUITests";
				PRODUCT_NAME = "$(TARGET_NAME)";
				TEST_TARGET_NAME = "no-storyboard-excersise";
			};
			name = Debug;
		};
		00190A131CF2C29100858AF5 /* Release */ = {
			isa = XCBuildConfiguration;
			buildSettings = {
				INFOPLIST_FILE = "no-storyboard-excersiseUITests/Info.plist";
				LD_RUNPATH_SEARCH_PATHS = "$(inherited) @executable_path/Frameworks @loader_path/Frameworks";
				PRODUCT_BUNDLE_IDENTIFIER = "com.arora.no-storyboard-excersiseUITests";
				PRODUCT_NAME = "$(TARGET_NAME)";
				TEST_TARGET_NAME = "no-storyboard-excersise";
			};
			name = Release;
		};
/* End XCBuildConfiguration section */

/* Begin XCConfigurationList section */
		001909DE1CF2C29100858AF5 /* Build configuration list for PBXProject "no-storyboard-excersise" */ = {
			isa = XCConfigurationList;
			buildConfigurations = (
				00190A091CF2C29100858AF5 /* Debug */,
				00190A0A1CF2C29100858AF5 /* Release */,
			);
			defaultConfigurationIsVisible = 0;
			defaultConfigurationName = Release;
		};
		00190A0B1CF2C29100858AF5 /* Build configuration list for PBXNativeTarget "no-storyboard-excersise" */ = {
			isa = XCConfigurationList;
			buildConfigurations = (
				00190A0C1CF2C29100858AF5 /* Debug */,
				00190A0D1CF2C29100858AF5 /* Release */,
			);
			defaultConfigurationIsVisible = 0;
		};
		00190A0E1CF2C29100858AF5 /* Build configuration list for PBXNativeTarget "no-storyboard-excersiseTests" */ = {
			isa = XCConfigurationList;
			buildConfigurations = (
				00190A0F1CF2C29100858AF5 /* Debug */,
				00190A101CF2C29100858AF5 /* Release */,
			);
			defaultConfigurationIsVisible = 0;
		};
		00190A111CF2C29100858AF5 /* Build configuration list for PBXNativeTarget "no-storyboard-excersiseUITests" */ = {
			isa = XCConfigurationList;
			buildConfigurations = (
				00190A121CF2C29100858AF5 /* Debug */,
				00190A131CF2C29100858AF5 /* Release */,
			);
			defaultConfigurationIsVisible = 0;
		};
/* End XCConfigurationList section */
	};
	rootObject = 001909DB1CF2C29100858AF5 /* Project object */;
}
